
Microsoft Visual Studio Solution File, Format Version 12.00
# Visual Studio Version 16
VisualStudioVersion = 16.0.31424.327
MinimumVisualStudioVersion = 10.0.40219.1
Project("{FAE04EC0-301F-11D3-BF4B-00C04F79EFBC}") = "WCFServiceApplication", "WCFServiceApplication\WCFServiceApplication.csproj", "{2BCE4A9B-C194-4E9F-8899-C3C373C91A00}"
EndProject
Global
	GlobalSection(SolutionConfigurationPlatforms) = preSolution
		Debug | Any CPU = Debug | Any CPU
			Release|Any CPU = Release|Any CPU
	EndGlobalSection
	GlobalSection(ProjectConfigurationPlatforms) = postSolution
		{ 2BCE4A9B - C194 - 4E9F - 8899 - C3C373C91A00}.Debug | Any CPU.ActiveCfg = Debug | Any CPU
{ 2BCE4A9B - C194 - 4E9F - 8899 - C3C373C91A00}.Debug | Any CPU.Build.0 = Debug | Any CPU
{ 2BCE4A9B - C194 - 4E9F - 8899 - C3C373C91A00}.Release | Any CPU.ActiveCfg = Release | Any CPU
{ 2BCE4A9B - C194 - 4E9F - 8899 - C3C373C91A00}.Release | Any CPU.Build.0 = Release | Any CPU
EndGlobalSection
	GlobalSection(SolutionProperties) = preSolution
		HideSolutionNode = FALSE
	EndGlobalSection
	GlobalSection(ExtensibilityGlobals) = postSolution
		SolutionGuid = { 104FD1E5 - 9551 - 4663 - 813A - C46FFC64CE99}
EndGlobalSection
EndGlobal